// !$*UTF8*$!
{
	archiveVersion = 1;
	classes = {
	};
	objectVersion = 56;
	objects = {

/* Begin PBXBuildFile section */
		D08C91FA29E0F4A4009F44D2 /* AppDelegate.swift in Sources */ = {isa = PBXBuildFile; fileRef = D08C91F929E0F4A4009F44D2 /* AppDelegate.swift */; };
		D08C91FC29E0F4A4009F44D2 /* SceneDelegate.swift in Sources */ = {isa = PBXBuildFile; fileRef = D08C91FB29E0F4A4009F44D2 /* SceneDelegate.swift */; };
		D08C91FE29E0F4A4009F44D2 /* ViewController.swift in Sources */ = {isa = PBXBuildFile; fileRef = D08C91FD29E0F4A4009F44D2 /* ViewController.swift */; };
		D08C920129E0F4A4009F44D2 /* Main.storyboard in Resources */ = {isa = PBXBuildFile; fileRef = D08C91FF29E0F4A4009F44D2 /* Main.storyboard */; };
		D08C920329E0F4A9009F44D2 /* Assets.xcassets in Resources */ = {isa = PBXBuildFile; fileRef = D08C920229E0F4A9009F44D2 /* Assets.xcassets */; };
		D08C920629E0F4A9009F44D2 /* LaunchScreen.storyboard in Resources */ = {isa = PBXBuildFile; fileRef = D08C920429E0F4A9009F44D2 /* LaunchScreen.storyboard */; };
		D08C920E29E0F82C009F44D2 /* App.xcframework in Frameworks */ = {isa = PBXBuildFile; fileRef = D08C920D29E0F82C009F44D2 /* App.xcframework */; };
		D08C921029E0F835009F44D2 /* Flutter.xcframework in Frameworks */ = {isa = PBXBuildFile; fileRef = D08C920F29E0F835009F44D2 /* Flutter.xcframework */; };
		D08C921329E0FDD4009F44D2 /* App.xcframework in Embed Frameworks */ = {isa = PBXBuildFile; fileRef = D08C921229E0FDD4009F44D2 /* App.xcframework */; settings = {ATTRIBUTES = (CodeSignOnCopy, RemoveHeadersOnCopy, ); }; };
		D08C921529E0FDDB009F44D2 /* Flutter.xcframework in Embed Frameworks */ = {isa = PBXBuildFile; fileRef = D08C921429E0FDDB009F44D2 /* Flutter.xcframework */; settings = {ATTRIBUTES = (CodeSignOnCopy, RemoveHeadersOnCopy, ); }; };
/* End PBXBuildFile section */

/* Begin PBXCopyFilesBuildPhase section */
		D08C921129E0FD5E009F44D2 /* Embed Frameworks */ = {
			isa = PBXCopyFilesBuildPhase;
			buildActionMask = 2147483647;
			dstPath = "";
			dstSubfolderSpec = 10;
			files = (
				D08C921329E0FDD4009F44D2 /* App.xcframework in Embed Frameworks */,
				D08C921529E0FDDB009F44D2 /* Flutter.xcframework in Embed Frameworks */,
			);
			name = "Embed Frameworks";
			runOnlyForDeploymentPostprocessing = 0;
		};
/* End PBXCopyFilesBuildPhase section */

/* Begin PBXFileReference section */
		D08C91F629E0F4A4009F44D2 /* ios_native_app.app */ = {isa = PBXFileReference; explicitFileType = wrapper.application; includeInIndex = 0; path = ios_native_app.app; sourceTree = BUILT_PRODUCTS_DIR; };
		D08C91F929E0F4A4009F44D2 /* AppDelegate.swift */ = {isa = PBXFileReference; lastKnownFileType = sourcecode.swift; path = AppDelegate.swift; sourceTree = "<group>"; };
		D08C91FB29E0F4A4009F44D2 /* SceneDelegate.swift */ = {isa = PBXFileReference; lastKnownFileType = sourcecode.swift; path = SceneDelegate.swift; sourceTree = "<group>"; };
		D08C91FD29E0F4A4009F44D2 /* ViewController.swift */ = {isa = PBXFileReference; lastKnownFileType = sourcecode.swift; path = ViewController.swift; sourceTree = "<group>"; };
		D08C920029E0F4A4009F44D2 /* Base */ = {isa = PBXFileReference; lastKnownFileType = file.storyboard; name = Base; path = Base.lproj/Main.storyboard; sourceTree = "<group>"; };
		D08C920229E0F4A9009F44D2 /* Assets.xcassets */ = {isa = PBXFileReference; lastKnownFileType = folder.assetcatalog; path = Assets.xcassets; sourceTree = "<group>"; };
		D08C920529E0F4A9009F44D2 /* Base */ = {isa = PBXFileReference; lastKnownFileType = file.storyboard; name = Base; path = Base.lproj/LaunchScreen.storyboard; sourceTree = "<group>"; };
		D08C920729E0F4A9009F44D2 /* Info.plist */ = {isa = PBXFileReference; lastKnownFileType = text.plist.xml; path = Info.plist; sourceTree = "<group>"; };
		D08C920D29E0F82C009F44D2 /* App.xcframework */ = {isa = PBXFileReference; lastKnownFileType = wrapper.xcframework; name = App.xcframework; path = ../../flutter_app/build/ios/framework/Debug/App.xcframework; sourceTree = "<group>"; };
		D08C920F29E0F835009F44D2 /* Flutter.xcframework */ = {isa = PBXFileReference; lastKnownFileType = wrapper.xcframework; name = Flutter.xcframework; path = ../../flutter_app/build/ios/framework/Debug/Flutter.xcframework; sourceTree = "<group>"; };
		D08C921229E0FDD4009F44D2 /* App.xcframework */ = {isa = PBXFileReference; lastKnownFileType = wrapper.xcframework; name = App.xcframework; path = ../flutter_app/build/ios/framework/Debug/App.xcframework; sourceTree = "<group>"; };
		D08C921429E0FDDB009F44D2 /* Flutter.xcframework */ = {isa = PBXFileReference; lastKnownFileType = wrapper.xcframework; name = Flutter.xcframework; path = ../flutter_app/build/ios/framework/Debug/Flutter.xcframework; sourceTree = "<group>"; };
/* End PBXFileReference section */

/* Begin PBXFrameworksBuildPhase section */
		D08C91F329E0F4A4009F44D2 /* Frameworks */ = {
			isa = PBXFrameworksBuildPhase;
			buildActionMask = 2147483647;
			files = (
				D08C921029E0F835009F44D2 /* Flutter.xcframework in Frameworks */,
				D08C920E29E0F82C009F44D2 /* App.xcframework in Frameworks */,
			);
			runOnlyForDeploymentPostprocessing = 0;
		};
/* End PBXFrameworksBuildPhase section */

/* Begin PBXGroup section */
		D08C91ED29E0F4A4009F44D2 = {
			isa = PBXGroup;
			children = (
				D08C921429E0FDDB009F44D2 /* Flutter.xcframework */,
				D08C921229E0FDD4009F44D2 /* App.xcframework */,
				D08C91F829E0F4A4009F44D2 /* ios_native_app */,
				D08C91F729E0F4A4009F44D2 /* Products */,
			);
			sourceTree = "<group>";
		};
		D08C91F729E0F4A4009F44D2 /* Products */ = {
			isa = PBXGroup;
			children = (
				D08C91F629E0F4A4009F44D2 /* ios_native_app.app */,
			);
			name = Products;
			sourceTree = "<group>";
		};
		D08C91F829E0F4A4009F44D2 /* ios_native_app */ = {
			isa = PBXGroup;
			children = (
				D08C920F29E0F835009F44D2 /* Flutter.xcframework */,
				D08C920D29E0F82C009F44D2 /* App.xcframework */,
				D08C91F929E0F4A4009F44D2 /* AppDelegate.swift */,
				D08C91FB29E0F4A4009F44D2 /* SceneDelegate.swift */,
				D08C91FD29E0F4A4009F44D2 /* ViewController.swift */,
				D08C91FF29E0F4A4009F44D2 /* Main.storyboard */,
				D08C920229E0F4A9009F44D2 /* Assets.xcassets */,
				D08C920429E0F4A9009F44D2 /* LaunchScreen.storyboard */,
				D08C920729E0F4A9009F44D2 /* Info.plist */,
			);
			path = ios_native_app;
			sourceTree = "<group>";
		};
/* End PBXGroup section */

/* Begin PBXNativeTarget section */
		D08C91F529E0F4A4009F44D2 /* ios_native_app */ = {
			isa = PBXNativeTarget;
			buildConfigurationList = D08C920A29E0F4A9009F44D2 /* Build configuration list for PBXNativeTarget "ios_native_app" */;
			buildPhases = (
				D08C91F229E0F4A4009F44D2 /* Sources */,
				D08C91F329E0F4A4009F44D2 /* Frameworks */,
				D08C91F429E0F4A4009F44D2 /* Resources */,
				D08C921129E0FD5E009F44D2 /* Embed Frameworks */,
			);
			buildRules = (
			);
			dependencies = (
			);
			name = ios_native_app;
			productName = ios_native_app;
			productReference = D08C91F629E0F4A4009F44D2 /* ios_native_app.app */;
			productType = "com.apple.product-type.application";
		};
/* End PBXNativeTarget section */

/* Begin PBXProject section */
		D08C91EE29E0F4A4009F44D2 /* Project object */ = {
			isa = PBXProject;
			attributes = {
				BuildIndependentTargetsInParallel = 1;
				LastSwiftUpdateCheck = 1420;
				LastUpgradeCheck = 1420;
				TargetAttributes = {
					D08C91F529E0F4A4009F44D2 = {
						CreatedOnToolsVersion = 14.2;
					};
				};
			};
			buildConfigurationList = D08C91F129E0F4A4009F44D2 /* Build configuration list for PBXProject "ios_native_app" */;
			compatibilityVersion = "Xcode 14.0";
			developmentRegion = en;
			hasScannedForEncodings = 0;
			knownRegions = (
				en,
				Base,
			);
			mainGroup = D08C91ED29E0F4A4009F44D2;
			productRefGroup = D08C91F729E0F4A4009F44D2 /* Products */;
			projectDirPath = "";
			projectRoot = "";
			targets = (
				D08C91F529E0F4A4009F44D2 /* ios_native_app */,
			);
		};
/* End PBXProject section */

/* Begin PBXResourcesBuildPhase section */
		D08C91F429E0F4A4009F44D2 /* Resources */ = {
			isa = PBXResourcesBuildPhase;
			buildActionMask = 2147483647;
			files = (
				D08C920629E0F4A9009F44D2 /* LaunchScreen.storyboard in Resources */,
				D08C920329E0F4A9009F44D2 /* Assets.xcassets in Resources */,
				D08C920129E0F4A4009F44D2 /* Main.storyboard in Resources */,
			);
			runOnlyForDeploymentPostprocessing = 0;
		};
/* End PBXResourcesBuildPhase section */

/* Begin PBXSourcesBuildPhase section */
		D08C91F229E0F4A4009F44D2 /* Sources */ = {
			isa = PBXSourcesBuildPhase;
			buildActionMask = 2147483647;
			files = (
				D08C91FE29E0F4A4009F44D2 /* ViewController.swift in Sources */,
				D08C91FA29E0F4A4009F44D2 /* AppDelegate.swift in Sources */,
				D08C91FC29E0F4A4009F44D2 /* SceneDelegate.swift in Sources */,
			);
			runOnlyForDeploymentPostprocessing = 0;
		};
/* End PBXSourcesBuildPhase section */

/* Begin PBXVariantGroup section */
		D08C91FF29E0F4A4009F44D2 /* Main.storyboard */ = {
			isa = PBXVariantGroup;
			children = (
				D08C920029E0F4A4009F44D2 /* Base */,
			);
			name = Main.storyboard;
			sourceTree = "<group>";
		};
		D08C920429E0F4A9009F44D2 /* LaunchScreen.storyboard */ = {
			isa = PBXVariantGroup;
			children = (
				D08C920529E0F4A9009F44D2 /* Base */,
			);
			name = LaunchScreen.storyboard;
			sourceTree = "<group>";
		};
/* End PBXVariantGroup section */

/* Begin XCBuildConfiguration section */
		D08C920829E0F4A9009F44D2 /* Debug */ = {
			isa = XCBuildConfiguration;
			buildSettings = {
				ALWAYS_SEARCH_USER_PATHS = NO;
				CLANG_ANALYZER_NONNULL = YES;
				CLANG_ANALYZER_NUMBER_OBJECT_CONVERSION = YES_AGGRESSIVE;
				CLANG_CXX_LANGUAGE_STANDARD = "gnu++20";
				CLANG_ENABLE_MODULES = YES;
				CLANG_ENABLE_OBJC_ARC = YES;
				CLANG_ENABLE_OBJC_WEAK = YES;
				CLANG_WARN_BLOCK_CAPTURE_AUTORELEASING = YES;
				CLANG_WARN_BOOL_CONVERSION = YES;
				CLANG_WARN_COMMA = YES;
				CLANG_WARN_CONSTANT_CONVERSION = YES;
				CLANG_WARN_DEPRECATED_OBJC_IMPLEMENTATIONS = YES;
				CLANG_WARN_DIRECT_OBJC_ISA_USAGE = YES_ERROR;
				CLANG_WARN_DOCUMENTATION_COMMENTS = YES;
				CLANG_WARN_EMPTY_BODY = YES;
				CLANG_WARN_ENUM_CONVERSION = YES;
				CLANG_WARN_INFINITE_RECURSION = YES;
				CLANG_WARN_INT_CONVERSION = YES;
				CLANG_WARN_NON_LITERAL_NULL_CONVERSION = YES;
				CLANG_WARN_OBJC_IMPLICIT_RETAIN_SELF = YES;
				CLANG_WARN_OBJC_LITERAL_CONVERSION = YES;
				CLANG_WARN_OBJC_ROOT_CLASS = YES_ERROR;
				CLANG_WARN_QUOTED_INCLUDE_IN_FRAMEWORK_HEADER = YES;
				CLANG_WARN_RANGE_LOOP_ANALYSIS = YES;
				CLANG_WARN_STRICT_PROTOTYPES = YES;
				CLANG_WARN_SUSPICIOUS_MOVE = YES;
				CLANG_WARN_UNGUARDED_AVAILABILITY = YES_AGGRESSIVE;
				CLANG_WARN_UNREACHABLE_CODE = YES;
				CLANG_WARN__DUPLICATE_METHOD_MATCH = YES;
				COPY_PHASE_STRIP = NO;
				DEBUG_INFORMATION_FORMAT = dwarf;
				ENABLE_STRICT_OBJC_MSGSEND = YES;
				ENABLE_TESTABILITY = YES;
				GCC_C_LANGUAGE_STANDARD = gnu11;
				GCC_DYNAMIC_NO_PIC = NO;
				GCC_NO_COMMON_BLOCKS = YES;
				GCC_OPTIMIZATION_LEVEL = 0;
				GCC_PREPROCESSOR_DEFINITIONS = (
					"DEBUG=1",
					"$(inherited)",
				);
				GCC_WARN_64_TO_32_BIT_CONVERSION = YES;
				GCC_WARN_ABOUT_RETURN_TYPE = YES_ERROR;
				GCC_WARN_UNDECLARED_SELECTOR = YES;
				GCC_WARN_UNINITIALIZED_AUTOS = YES_AGGRESSIVE;
				GCC_WARN_UNUSED_FUNCTION = YES;
				GCC_WARN_UNUSED_VARIABLE = YES;
				IPHONEOS_DEPLOYMENT_TARGET = 16.2;
				MTL_ENABLE_DEBUG_INFO = INCLUDE_SOURCE;
				MTL_FAST_MATH = YES;
				ONLY_ACTIVE_ARCH = YES;
				SDKROOT = iphoneos;
				SWIFT_ACTIVE_COMPILATION_CONDITIONS = DEBUG;
				SWIFT_OPTIMIZATION_LEVEL = "-Onone";
			};
			name = Debug;
		};
		D08C920929E0F4A9009F44D2 /* Release */ = {
			isa = XCBuildConfiguration;
			buildSettings = {
				ALWAYS_SEARCH_USER_PATHS = NO;
				CLANG_ANALYZER_NONNULL = YES;
				CLANG_ANALYZER_NUMBER_OBJECT_CONVERSION = YES_AGGRESSIVE;
				CLANG_CXX_LANGUAGE_STANDARD = "gnu++20";
				CLANG_ENABLE_MODULES = YES;
				CLANG_ENABLE_OBJC_ARC = YES;
				CLANG_ENABLE_OBJC_WEAK = YES;
				CLANG_WARN_BLOCK_CAPTURE_AUTORELEASING = YES;
				CLANG_WARN_BOOL_CONVERSION = YES;
				CLANG_WARN_COMMA = YES;
				CLANG_WARN_CONSTANT_CONVERSION = YES;
				CLANG_WARN_DEPRECATED_OBJC_IMPLEMENTATIONS = YES;
				CLANG_WARN_DIRECT_OBJC_ISA_USAGE = YES_ERROR;
				CLANG_WARN_DOCUMENTATION_COMMENTS = YES;
				CLANG_WARN_EMPTY_BODY = YES;
				CLANG_WARN_ENUM_CONVERSION = YES;
				CLANG_WARN_INFINITE_RECURSION = YES;
				CLANG_WARN_INT_CONVERSION = YES;
				CLANG_WARN_NON_LITERAL_NULL_CONVERSION = YES;
				CLANG_WARN_OBJC_IMPLICIT_RETAIN_SELF = YES;
				CLANG_WARN_OBJC_LITERAL_CONVERSION = YES;
				CLANG_WARN_OBJC_ROOT_CLASS = YES_ERROR;
				CLANG_WARN_QUOTED_INCLUDE_IN_FRAMEWORK_HEADER = YES;
				CLANG_WARN_RANGE_LOOP_ANALYSIS = YES;
				CLANG_WARN_STRICT_PROTOTYPES = YES;
				CLANG_WARN_SUSPICIOUS_MOVE = YES;
				CLANG_WARN_UNGUARDED_AVAILABILITY = YES_AGGRESSIVE;
				CLANG_WARN_UNREACHABLE_CODE = YES;
				CLANG_WARN__DUPLICATE_METHOD_MATCH = YES;
				COPY_PHASE_STRIP = NO;
				DEBUG_INFORMATION_FORMAT = "dwarf-with-dsym";
				ENABLE_NS_ASSERTIONS = NO;
				ENABLE_STRICT_OBJC_MSGSEND = YES;
				GCC_C_LANGUAGE_STANDARD = gnu11;
				GCC_NO_COMMON_BLOCKS = YES;
				GCC_WARN_64_TO_32_BIT_CONVERSION = YES;
				GCC_WARN_ABOUT_RETURN_TYPE = YES_ERROR;
				GCC_WARN_UNDECLARED_SELECTOR = YES;
				GCC_WARN_UNINITIALIZED_AUTOS = YES_AGGRESSIVE;
				GCC_WARN_UNUSED_FUNCTION = YES;
				GCC_WARN_UNUSED_VARIABLE = YES;
				IPHONEOS_DEPLOYMENT_TARGET = 16.2;
				MTL_ENABLE_DEBUG_INFO = NO;
				MTL_FAST_MATH = YES;
				SDKROOT = iphoneos;
				SWIFT_COMPILATION_MODE = wholemodule;
				SWIFT_OPTIMIZATION_LEVEL = "-O";
				VALIDATE_PRODUCT = YES;
			};
			name = Release;
		};
		D08C920B29E0F4A9009F44D2 /* Debug */ = {
			isa = XCBuildConfiguration;
			buildSettings = {
				ASSETCATALOG_COMPILER_APPICON_NAME = AppIcon;
				ASSETCATALOG_COMPILER_GLOBAL_ACCENT_COLOR_NAME = AccentColor;
				CODE_SIGN_STYLE = Automatic;
				CURRENT_PROJECT_VERSION = 1;
				DEVELOPMENT_TEAM = 2XUM3HS6VN;
				GENERATE_INFOPLIST_FILE = YES;
				INFOPLIST_FILE = ios_native_app/Info.plist;
				INFOPLIST_KEY_UIApplicationSupportsIndirectInputEvents = YES;
				INFOPLIST_KEY_UILaunchStoryboardName = LaunchScreen;
				INFOPLIST_KEY_UIMainStoryboardFile = Main;
				INFOPLIST_KEY_UISupportedInterfaceOrientations_iPad = "UIInterfaceOrientationPortrait UIInterfaceOrientationPortraitUpsideDown UIInterfaceOrientationLandscapeLeft UIInterfaceOrientationLandscapeRight";
				INFOPLIST_KEY_UISupportedInterfaceOrientations_iPhone = "UIInterfaceOrientationPortrait UIInterfaceOrientationLandscapeLeft UIInterfaceOrientationLandscapeRight";
				LD_RUNPATH_SEARCH_PATHS = (
					"$(inherited)",
					"@executable_path/Frameworks",
				);
				MARKETING_VERSION = 1.0;
				PRODUCT_BUNDLE_IDENTIFIER = "nerdautodidata.ios-native-app";
				PRODUCT_NAME = "$(TARGET_NAME)";
				SWIFT_EMIT_LOC_STRINGS = YES;
				SWIFT_VERSION = 5.0;
				TARGETED_DEVICE_FAMILY = "1,2";
			};
			name = Debug;
		};
		D08C920C29E0F4A9009F44D2 /* Release */ = {
			isa = XCBuildConfiguration;
			buildSettings = {
				ASSETCATALOG_COMPILER_APPICON_NAME = AppIcon;
				ASSETCATALOG_COMPILER_GLOBAL_ACCENT_COLOR_NAME = AccentColor;
				CODE_SIGN_STYLE = Automatic;
				CURRENT_PROJECT_VERSION = 1;
				DEVELOPMENT_TEAM = 2XUM3HS6VN;
				GENERATE_INFOPLIST_FILE = YES;
				INFOPLIST_FILE = ios_native_app/Info.plist;
				INFOPLIST_KEY_UIApplicationSupportsIndirectInputEvents = YES;
				INFOPLIST_KEY_UILaunchStoryboardName = LaunchScreen;
				INFOPLIST_KEY_UIMainStoryboardFile = Main;
				INFOPLIST_KEY_UISupportedInterfaceOrientations_iPad = "UIInterfaceOrientationPortrait UIInterfaceOrientationPortraitUpsideDown UIInterfaceOrientationLandscapeLeft UIInterfaceOrientationLandscapeRight";
				INFOPLIST_KEY_UISupportedInterfaceOrientations_iPhone = "UIInterfaceOrientationPortrait UIInterfaceOrientationLandscapeLeft UIInterfaceOrientationLandscapeRight";
				LD_RUNPATH_SEARCH_PATHS = (
					"$(inherited)",
					"@executable_path/Frameworks",
				);
				MARKETING_VERSION = 1.0;
				PRODUCT_BUNDLE_IDENTIFIER = "nerdautodidata.ios-native-app";
				PRODUCT_NAME = "$(TARGET_NAME)";
				SWIFT_EMIT_LOC_STRINGS = YES;
				SWIFT_VERSION = 5.0;
				TARGETED_DEVICE_FAMILY = "1,2";
			};
			name = Release;
		};
/* End XCBuildConfiguration section */

/* Begin XCConfigurationList section */
		D08C91F129E0F4A4009F44D2 /* Build configuration list for PBXProject "ios_native_app" */ = {
			isa = XCConfigurationList;
			buildConfigurations = (
				D08C920829E0F4A9009F44D2 /* Debug */,
				D08C920929E0F4A9009F44D2 /* Release */,
			);
			defaultConfigurationIsVisible = 0;
			defaultConfigurationName = Release;
		};
		D08C920A29E0F4A9009F44D2 /* Build configuration list for PBXNativeTarget "ios_native_app" */ = {
			isa = XCConfigurationList;
			buildConfigurations = (
				D08C920B29E0F4A9009F44D2 /* Debug */,
				D08C920C29E0F4A9009F44D2 /* Release */,
			);
			defaultConfigurationIsVisible = 0;
			defaultConfigurationName = Release;
		};
/* End XCConfigurationList section */
	};
	rootObject = D08C91EE29E0F4A4009F44D2 /* Project object */;
}
